
Microsoft Visual Studio Solution File, Format Version 12.00
# Visual Studio 15
VisualStudioVersion = 15.0.26730.16
MinimumVisualStudioVersion = 10.0.40219.1
Project("{FAE04EC0-301F-11D3-BF4B-00C04F79EFBC}") = "AngulaSpaMaterial", "AngulaSpaMaterial\AngulaSpaMaterial.csproj", "{16EF6641-D6AC-4A04-A0D5-AFF4E3A3808C}"
EndProject
Global
	GlobalSection(SolutionConfigurationPlatforms) = preSolution
		Debug|Any CPU = Debug|Any CPU
		Release|Any CPU = Release|Any CPU
	EndGlobalSection
	GlobalSection(ProjectConfigurationPlatforms) = postSolution
		{16EF6641-D6AC-4A04-A0D5-AFF4E3A3808C}.Debug|Any CPU.ActiveCfg = Debug|Any CPU
		{16EF6641-D6AC-4A04-A0D5-AFF4E3A3808C}.Debug|Any CPU.Build.0 = Debug|Any CPU
		{16EF6641-D6AC-4A04-A0D5-AFF4E3A3808C}.Release|Any CPU.ActiveCfg = Release|Any CPU
		{16EF6641-D6AC-4A04-A0D5-AFF4E3A3808C}.Release|Any CPU.Build.0 = Release|Any CPU
	EndGlobalSection
	GlobalSection(SolutionProperties) = preSolution
		HideSolutionNode = FALSE
	EndGlobalSection
	GlobalSection(ExtensibilityGlobals) = postSolution
		SolutionGuid = {EC51B411-7204-4CBA-B63A-2389B90C313F}
	EndGlobalSection
EndGlobal
